
Microsoft Visual Studio Solution File, Format Version 12.00
# Visual Studio Version 17
VisualStudioVersion = 17.0.31903.59
MinimumVisualStudioVersion = 10.0.40219.1
Project("{9A19103F-16F7-4668-BE54-9A1E7A4F7556}") = "U9.Website", "U9\U9.Website\U9.Website.csproj", "{11432233-A121-4DCF-8619-427EE3EDEFD1}"
EndProject
Global
	GlobalSection(SolutionConfigurationPlatforms) = preSolution
		Debug|Any CPU = Debug|Any CPU
		Release|Any CPU = Release|Any CPU
	EndGlobalSection
	GlobalSection(ProjectConfigurationPlatforms) = postSolution
		{11432233-A121-4DCF-8619-427EE3EDEFD1}.Debug|Any CPU.ActiveCfg = Debug|Any CPU
		{11432233-A121-4DCF-8619-427EE3EDEFD1}.Debug|Any CPU.Build.0 = Debug|Any CPU
		{11432233-A121-4DCF-8619-427EE3EDEFD1}.Release|Any CPU.ActiveCfg = Release|Any CPU
		{11432233-A121-4DCF-8619-427EE3EDEFD1}.Release|Any CPU.Build.0 = Release|Any CPU
	EndGlobalSection
	GlobalSection(SolutionProperties) = preSolution
		HideSolutionNode = FALSE
	EndGlobalSection
	GlobalSection(ExtensibilityGlobals) = postSolution
		SolutionGuid = {D5AD5EA2-DBD0-40FA-8EF2-18380EDDC3FA}
	EndGlobalSection
EndGlobal
